
Microsoft Visual Studio Solution File, Format Version 12.00
# Visual Studio Version 16
VisualStudioVersion = 16.0.30128.74
MinimumVisualStudioVersion = 10.0.40219.1
Project("{FAE04EC0-301F-11D3-BF4B-00C04F79EFBC}") = "1635337 first loop priject", "1635337 first loop priject\1635337 first loop priject.csproj", "{1B941149-349C-4C95-8370-A2BEF73150C7}"
EndProject
Global
	GlobalSection(SolutionConfigurationPlatforms) = preSolution
		Debug|Any CPU = Debug|Any CPU
		Release|Any CPU = Release|Any CPU
	EndGlobalSection
	GlobalSection(ProjectConfigurationPlatforms) = postSolution
		{1B941149-349C-4C95-8370-A2BEF73150C7}.Debug|Any CPU.ActiveCfg = Debug|Any CPU
		{1B941149-349C-4C95-8370-A2BEF73150C7}.Debug|Any CPU.Build.0 = Debug|Any CPU
		{1B941149-349C-4C95-8370-A2BEF73150C7}.Release|Any CPU.ActiveCfg = Release|Any CPU
		{1B941149-349C-4C95-8370-A2BEF73150C7}.Release|Any CPU.Build.0 = Release|Any CPU
	EndGlobalSection
	GlobalSection(SolutionProperties) = preSolution
		HideSolutionNode = FALSE
	EndGlobalSection
	GlobalSection(ExtensibilityGlobals) = postSolution
		SolutionGuid = {40E8F537-1971-453F-83AC-D539D7BF0145}
	EndGlobalSection
EndGlobal
